
Microsoft Visual Studio Solution File, Format Version 12.00
# Visual Studio Version 17
VisualStudioVersion = 17.8.34511.84
MinimumVisualStudioVersion = 10.0.40219.1
Project("{FAE04EC0-301F-11D3-BF4B-00C04F79EFBC}") = "Threads_Task_Files_Homework", "Threads_Task_Files_Homework\Threads_Task_Files_Homework.csproj", "{60EDE37F-8133-409D-BD59-25037C847539}"
EndProject
Global
	GlobalSection(SolutionConfigurationPlatforms) = preSolution
		Debug|Any CPU = Debug|Any CPU
		Release|Any CPU = Release|Any CPU
	EndGlobalSection
	GlobalSection(ProjectConfigurationPlatforms) = postSolution
		{60EDE37F-8133-409D-BD59-25037C847539}.Debug|Any CPU.ActiveCfg = Debug|Any CPU
		{60EDE37F-8133-409D-BD59-25037C847539}.Debug|Any CPU.Build.0 = Debug|Any CPU
		{60EDE37F-8133-409D-BD59-25037C847539}.Release|Any CPU.ActiveCfg = Release|Any CPU
		{60EDE37F-8133-409D-BD59-25037C847539}.Release|Any CPU.Build.0 = Release|Any CPU
	EndGlobalSection
	GlobalSection(SolutionProperties) = preSolution
		HideSolutionNode = FALSE
	EndGlobalSection
	GlobalSection(ExtensibilityGlobals) = postSolution
		SolutionGuid = {F6EE6EDF-ABFB-47DA-8476-5AFA5E2FB17A}
	EndGlobalSection
EndGlobal
